
Microsoft Visual Studio Solution File, Format Version 12.00
# Visual Studio Version 17
VisualStudioVersion = 17.8.34330.188
MinimumVisualStudioVersion = 10.0.40219.1
Project("{9A19103F-16F7-4668-BE54-9A1E7A4F7556}") = "WebUniDiaryTwo", "WebUniDiaryTwo.csproj", "{E0218B1E-DD81-4189-AECE-161FB104F468}"
EndProject
Global
	GlobalSection(SolutionConfigurationPlatforms) = preSolution
		Debug|Any CPU = Debug|Any CPU
		Release|Any CPU = Release|Any CPU
	EndGlobalSection
	GlobalSection(ProjectConfigurationPlatforms) = postSolution
		{E0218B1E-DD81-4189-AECE-161FB104F468}.Debug|Any CPU.ActiveCfg = Debug|Any CPU
		{E0218B1E-DD81-4189-AECE-161FB104F468}.Debug|Any CPU.Build.0 = Debug|Any CPU
		{E0218B1E-DD81-4189-AECE-161FB104F468}.Release|Any CPU.ActiveCfg = Release|Any CPU
		{E0218B1E-DD81-4189-AECE-161FB104F468}.Release|Any CPU.Build.0 = Release|Any CPU
	EndGlobalSection
	GlobalSection(SolutionProperties) = preSolution
		HideSolutionNode = FALSE
	EndGlobalSection
	GlobalSection(ExtensibilityGlobals) = postSolution
		SolutionGuid = {19057C7A-E315-4241-AA60-94879F588B17}
	EndGlobalSection
EndGlobal
